version = 1
revision = 3
requires-python = ">=3.14"

[[package]]
name = "pyrefly"
version = "0.60.2"
source = { registry = "https://pypi.org/simple" }
sdist = { url = "https://files.pythonhosted.org/packages/40/47/3e237e8a326affc00a67e2719f2e04b50d5a758db509b3812b085169a073/pyrefly-0.60.2.tar.gz", hash = "sha256:d2b7337e5953c755d52ea785cc5e92182723e54c503b0cb4c732dc0b91a20250", size = 5517467, upload-time = "2026-04-10T17:59:36.202Z" }
wheels = [
    { url = "https://files.pythonhosted.org/packages/4f/c7/a41ea875083319f7a0d428a914c16c3450e408216e3e6895d4e7ab29e4b0/pyrefly-0.60.2-py3-none-macosx_10_12_x86_64.whl", hash = "sha256:f2d40f649a9c2553f275b77c17bf7c1e1191e0d4f27722f8402dfbe34b3d9117", size = 12933115, upload-time = "2026-04-10T17:59:13.117Z" },
    { url = "https://files.pythonhosted.org/packages/13/87/382202982aa0f0c3d38f4f9df11a96b88c35e2fea02062450b2a0a581352/pyrefly-0.60.2-py3-none-macosx_11_0_arm64.whl", hash = "sha256:98506d3cc7219a336b877c5b2a3f09c973f1f5cdc13f0093eaf50235f27f7102", size = 12444598, upload-time = "2026-04-10T17:59:15.437Z" },
    { url = "https://files.pythonhosted.org/packages/b6/9b/86e10efe0e108f7da0b10281cc55ad8cba99aef726569b9bbe8fe106b5d4/pyrefly-0.60.2-py3-none-manylinux_2_17_aarch64.manylinux2014_aarch64.whl", hash = "sha256:d9f645d3f006d22c474ad8de35981dc7f351b244112b3d80379f8d375eea7bb6", size = 35964581, upload-time = "2026-04-10T17:59:17.73Z" },
    { url = "https://files.pythonhosted.org/packages/29/da/fb2a8e3cdb89badcd048e4f5388839a6804647cbc6b874cbced598ee0ea0/pyrefly-0.60.2-py3-none-manylinux_2_17_i686.manylinux2014_i686.whl", hash = "sha256:d4160d003d9d5142cbcf8d9cb67f9d75689ea20b69f98757202746142e647cab", size = 38681905, upload-time = "2026-04-10T17:59:20.537Z" },
    { url = "https://files.pythonhosted.org/packages/31/ac/fb86cac2783ab4cc5ec72139543df201eddf37d446b8cfa9c9b951eb9ff5/pyrefly-0.60.2-py3-none-manylinux_2_17_ppc64le.manylinux2014_ppc64le.whl", hash = "sha256:cbd94ff6c361d9ec4d31652f75bbb5eb6d2b9f707e14a3f35320e9b24aac944b", size = 36924191, upload-time = "2026-04-10T17:59:23.209Z" },
    { url = "https://files.pythonhosted.org/packages/ab/36/4dd6f007b32291ad5490774840345bd2918d6bedaedd6b3430958b768d91/pyrefly-0.60.2-py3-none-manylinux_2_17_x86_64.manylinux2014_x86_64.whl", hash = "sha256:dd5d4d7d698de2849bea9794584c5c89239428f8c388eb9067ae5c83378d5232", size = 41473073, upload-time = "2026-04-10T17:59:26.353Z" },
    { url = "https://files.pythonhosted.org/packages/6c/1f/84a3d9def891d93580506fe8846edb582af072d092df34881dcca95ecbf5/pyrefly-0.60.2-py3-none-win32.whl", hash = "sha256:01af5ab08d483d50ddce5054b5f7fb2661fed67868c4877f19baed516f66f42a", size = 11929455, upload-time = "2026-04-10T17:59:29.107Z" },
    { url = "https://files.pythonhosted.org/packages/17/1d/5635e077d6ab71fc38672bb197311485aef969432d5498c754d33dc23160/pyrefly-0.60.2-py3-none-win_amd64.whl", hash = "sha256:0aea0568bdb6b31306570003324be9425fa254e0d730b8f028e5809e1cfbc48e", size = 12760970, upload-time = "2026-04-10T17:59:31.628Z" },
    { url = "https://files.pythonhosted.org/packages/f9/3e/011244086ad58ca0eeec8121666b1fadd1b6db078c043f8b4b3977232d33/pyrefly-0.60.2-py3-none-win_arm64.whl", hash = "sha256:0152bc12393a5c8c80324667faa2c74a0f41d84323cc7c94758c50a11edd26c2", size = 12261111, upload-time = "2026-04-10T17:59:33.992Z" },
]

[[package]]
name = "tesserae"
version = "0.1.0"
source = { editable = "." }

[package.dev-dependencies]
dev = [
    { name = "pyrefly" },
]

[package.metadata]

[package.metadata.requires-dev]
dev = [{ name = "pyrefly", specifier = ">=0.60.2" }]
